
Microsoft Visual Studio Solution File, Format Version 12.00
Project("{FAE04EC0-301F-11D3-BF4B-00C04F79EFBC}") = "TinyUpdate.Core", "src\TinyUpdate.Core\TinyUpdate.Core.csproj", "{14CD59ED-74E2-4714-879D-29734F674D7D}"
EndProject
Project("{2150E333-8FDC-42A3-9474-1A3956D46DE8}") = "Updaters", "Updaters", "{63F2556D-A89A-4552-84C7-D2BE30718485}"
EndProject
Project("{2150E333-8FDC-42A3-9474-1A3956D46DE8}") = "Clients", "Clients", "{EE289D98-EE1C-4D17-9BB0-B4981E26A49D}"
EndProject
Project("{2150E333-8FDC-42A3-9474-1A3956D46DE8}") = "tests", "tests", "{0BD356C4-B4F2-45D6-A94F-77ED1ECEEE11}"
EndProject
Project("{FAE04EC0-301F-11D3-BF4B-00C04F79EFBC}") = "TinyUpdate.Binary", "src\Updaters\TinyUpdate.Binary\TinyUpdate.Binary.csproj", "{4B3D4412-9AF3-4D5A-B013-3462B46E815F}"
EndProject
Project("{FAE04EC0-301F-11D3-BF4B-00C04F79EFBC}") = "TinyUpdate.Cli", "src\TinyUpdate.Cli\TinyUpdate.Cli.csproj", "{F2251107-156F-4D46-8EAE-19CA20DA1C62}"
EndProject
Project("{2150E333-8FDC-42A3-9474-1A3956D46DE8}") = "Delta", "Delta", "{3AC8B933-07FF-43CC-AAFD-46C759AD4496}"
EndProject
Project("{FAE04EC0-301F-11D3-BF4B-00C04F79EFBC}") = "TinyUpdate.MSDelta", "src\Deltas\TinyUpdate.MSDelta\TinyUpdate.MSDelta.csproj", "{DDA0CCA8-5886-4616-A21A-6D22825F1F56}"
EndProject
Project("{2150E333-8FDC-42A3-9474-1A3956D46DE8}") = "src", "src", "{A486F679-9E40-4FE4-ABF9-1F27AADAE40A}"
EndProject
Project("{FAE04EC0-301F-11D3-BF4B-00C04F79EFBC}") = "TinyUpdate.DeltaApplier.Tests", "tests\TinyUpdate.DeltaApplier.Tests\TinyUpdate.DeltaApplier.Tests.csproj", "{564B5AA0-34AA-4035-89AC-372F0FADC985}"
EndProject
Project("{FAE04EC0-301F-11D3-BF4B-00C04F79EFBC}") = "TinyUpdate.BSDelta", "src\Deltas\TinyUpdate.BSDelta\TinyUpdate.BSDelta.csproj", "{29EE089A-4D11-4FDB-937D-7D5884399416}"
EndProject
Project("{2150E333-8FDC-42A3-9474-1A3956D46DE8}") = "Packages", "Packages", "{FFCB9AB6-92FE-48B0-9B93-A5BBF0DB153B}"
EndProject
Project("{FAE04EC0-301F-11D3-BF4B-00C04F79EFBC}") = "TinyUpdate.TUUP", "src\Packages\TinyUpdate.TUUP\TinyUpdate.TUUP.csproj", "{59769ABE-E512-43D0-B85B-37EF133DA27D}"
EndProject
Project("{FAE04EC0-301F-11D3-BF4B-00C04F79EFBC}") = "TinyUpdate.Packages.Tests", "tests\TinyUpdate.Packages.Tests\TinyUpdate.Packages.Tests.csproj", "{B5BC1A21-5A4C-403E-918B-CE48675E6F89}"
EndProject
Project("{FAE04EC0-301F-11D3-BF4B-00C04F79EFBC}") = "TinyUpdate.Tests.Common", "tests\TinyUpdate.Tests.Common\TinyUpdate.Tests.Common.csproj", "{81B0A72E-04FA-4A4F-856F-68C22FF2D945}"
EndProject
Global
	GlobalSection(SolutionConfigurationPlatforms) = preSolution
		Debug|Any CPU = Debug|Any CPU
		Release|Any CPU = Release|Any CPU
	EndGlobalSection
	GlobalSection(ProjectConfigurationPlatforms) = postSolution
		{14CD59ED-74E2-4714-879D-29734F674D7D}.Debug|Any CPU.ActiveCfg = Debug|Any CPU
		{14CD59ED-74E2-4714-879D-29734F674D7D}.Debug|Any CPU.Build.0 = Debug|Any CPU
		{14CD59ED-74E2-4714-879D-29734F674D7D}.Release|Any CPU.ActiveCfg = Release|Any CPU
		{14CD59ED-74E2-4714-879D-29734F674D7D}.Release|Any CPU.Build.0 = Release|Any CPU
		{4B3D4412-9AF3-4D5A-B013-3462B46E815F}.Debug|Any CPU.ActiveCfg = Debug|Any CPU
		{4B3D4412-9AF3-4D5A-B013-3462B46E815F}.Debug|Any CPU.Build.0 = Debug|Any CPU
		{4B3D4412-9AF3-4D5A-B013-3462B46E815F}.Release|Any CPU.ActiveCfg = Release|Any CPU
		{4B3D4412-9AF3-4D5A-B013-3462B46E815F}.Release|Any CPU.Build.0 = Release|Any CPU
		{F2251107-156F-4D46-8EAE-19CA20DA1C62}.Debug|Any CPU.ActiveCfg = Debug|Any CPU
		{F2251107-156F-4D46-8EAE-19CA20DA1C62}.Debug|Any CPU.Build.0 = Debug|Any CPU
		{F2251107-156F-4D46-8EAE-19CA20DA1C62}.Release|Any CPU.ActiveCfg = Release|Any CPU
		{F2251107-156F-4D46-8EAE-19CA20DA1C62}.Release|Any CPU.Build.0 = Release|Any CPU
		{DDA0CCA8-5886-4616-A21A-6D22825F1F56}.Debug|Any CPU.ActiveCfg = Debug|Any CPU
		{DDA0CCA8-5886-4616-A21A-6D22825F1F56}.Debug|Any CPU.Build.0 = Debug|Any CPU
		{DDA0CCA8-5886-4616-A21A-6D22825F1F56}.Release|Any CPU.ActiveCfg = Release|Any CPU
		{DDA0CCA8-5886-4616-A21A-6D22825F1F56}.Release|Any CPU.Build.0 = Release|Any CPU
		{564B5AA0-34AA-4035-89AC-372F0FADC985}.Debug|Any CPU.ActiveCfg = Debug|Any CPU
		{564B5AA0-34AA-4035-89AC-372F0FADC985}.Debug|Any CPU.Build.0 = Debug|Any CPU
		{564B5AA0-34AA-4035-89AC-372F0FADC985}.Release|Any CPU.ActiveCfg = Release|Any CPU
		{564B5AA0-34AA-4035-89AC-372F0FADC985}.Release|Any CPU.Build.0 = Release|Any CPU
		{29EE089A-4D11-4FDB-937D-7D5884399416}.Debug|Any CPU.ActiveCfg = Debug|Any CPU
		{29EE089A-4D11-4FDB-937D-7D5884399416}.Debug|Any CPU.Build.0 = Debug|Any CPU
		{29EE089A-4D11-4FDB-937D-7D5884399416}.Release|Any CPU.ActiveCfg = Release|Any CPU
		{29EE089A-4D11-4FDB-937D-7D5884399416}.Release|Any CPU.Build.0 = Release|Any CPU
		{59769ABE-E512-43D0-B85B-37EF133DA27D}.Debug|Any CPU.ActiveCfg = Debug|Any CPU
		{59769ABE-E512-43D0-B85B-37EF133DA27D}.Debug|Any CPU.Build.0 = Debug|Any CPU
		{59769ABE-E512-43D0-B85B-37EF133DA27D}.Release|Any CPU.ActiveCfg = Release|Any CPU
		{59769ABE-E512-43D0-B85B-37EF133DA27D}.Release|Any CPU.Build.0 = Release|Any CPU
		{B5BC1A21-5A4C-403E-918B-CE48675E6F89}.Debug|Any CPU.ActiveCfg = Debug|Any CPU
		{B5BC1A21-5A4C-403E-918B-CE48675E6F89}.Debug|Any CPU.Build.0 = Debug|Any CPU
		{B5BC1A21-5A4C-403E-918B-CE48675E6F89}.Release|Any CPU.ActiveCfg = Release|Any CPU
		{B5BC1A21-5A4C-403E-918B-CE48675E6F89}.Release|Any CPU.Build.0 = Release|Any CPU
		{81B0A72E-04FA-4A4F-856F-68C22FF2D945}.Debug|Any CPU.ActiveCfg = Debug|Any CPU
		{81B0A72E-04FA-4A4F-856F-68C22FF2D945}.Debug|Any CPU.Build.0 = Debug|Any CPU
		{81B0A72E-04FA-4A4F-856F-68C22FF2D945}.Release|Any CPU.ActiveCfg = Release|Any CPU
		{81B0A72E-04FA-4A4F-856F-68C22FF2D945}.Release|Any CPU.Build.0 = Release|Any CPU
	EndGlobalSection
	GlobalSection(NestedProjects) = preSolution
		{4B3D4412-9AF3-4D5A-B013-3462B46E815F} = {63F2556D-A89A-4552-84C7-D2BE30718485}
		{DDA0CCA8-5886-4616-A21A-6D22825F1F56} = {3AC8B933-07FF-43CC-AAFD-46C759AD4496}
		{3AC8B933-07FF-43CC-AAFD-46C759AD4496} = {A486F679-9E40-4FE4-ABF9-1F27AADAE40A}
		{14CD59ED-74E2-4714-879D-29734F674D7D} = {A486F679-9E40-4FE4-ABF9-1F27AADAE40A}
		{EE289D98-EE1C-4D17-9BB0-B4981E26A49D} = {A486F679-9E40-4FE4-ABF9-1F27AADAE40A}
		{63F2556D-A89A-4552-84C7-D2BE30718485} = {A486F679-9E40-4FE4-ABF9-1F27AADAE40A}
		{F2251107-156F-4D46-8EAE-19CA20DA1C62} = {A486F679-9E40-4FE4-ABF9-1F27AADAE40A}
		{564B5AA0-34AA-4035-89AC-372F0FADC985} = {0BD356C4-B4F2-45D6-A94F-77ED1ECEEE11}
		{29EE089A-4D11-4FDB-937D-7D5884399416} = {3AC8B933-07FF-43CC-AAFD-46C759AD4496}
		{FFCB9AB6-92FE-48B0-9B93-A5BBF0DB153B} = {A486F679-9E40-4FE4-ABF9-1F27AADAE40A}
		{59769ABE-E512-43D0-B85B-37EF133DA27D} = {FFCB9AB6-92FE-48B0-9B93-A5BBF0DB153B}
		{B5BC1A21-5A4C-403E-918B-CE48675E6F89} = {0BD356C4-B4F2-45D6-A94F-77ED1ECEEE11}
		{81B0A72E-04FA-4A4F-856F-68C22FF2D945} = {0BD356C4-B4F2-45D6-A94F-77ED1ECEEE11}
	EndGlobalSection
EndGlobal
