
Microsoft Visual Studio Solution File, Format Version 12.00
# Visual Studio Version 16
VisualStudioVersion = 16.0.31005.135
MinimumVisualStudioVersion = 10.0.40219.1
Project("{9A19103F-16F7-4668-BE54-9A1E7A4F7556}") = "TinyUpdate.Core", "src\TinyUpdate.Core\TinyUpdate.Core.csproj", "{7D720544-EC9D-4358-BE15-A3DA25129498}"
EndProject
Project("{9A19103F-16F7-4668-BE54-9A1E7A4F7556}") = "TinyUpdate.Binary", "src\TinyUpdate.Binary\TinyUpdate.Binary.csproj", "{C6EEF0C8-7D48-45E0-8166-E10667D8FFD3}"
EndProject
Project("{9A19103F-16F7-4668-BE54-9A1E7A4F7556}") = "TinyUpdate.Core.Tests", "test\TinyUpdate.Core.Tests\TinyUpdate.Core.Tests.csproj", "{9579646D-F6F7-4AE2-99D3-2E92A69BE100}"
EndProject
Project("{2150E333-8FDC-42A3-9474-1A3956D46DE8}") = "src", "src", "{9C7F5078-B017-4447-85E8-74E38B1D0147}"
EndProject
Project("{2150E333-8FDC-42A3-9474-1A3956D46DE8}") = "test", "test", "{2758B32D-CB41-474D-BB8B-ADB8473C77AE}"
EndProject
Project("{9A19103F-16F7-4668-BE54-9A1E7A4F7556}") = "TinyUpdate.Binary.Tests", "test\TinyUpdate.Binary.Tests\TinyUpdate.Binary.Tests.csproj", "{0392D9B0-B557-42AF-B0DF-C6B97703F902}"
EndProject
Project("{FAE04EC0-301F-11D3-BF4B-00C04F79EFBC}") = "TinyUpdate.Test", "test\TinyUpdate.Test\TinyUpdate.Test.csproj", "{3688FDF1-07F4-48F3-B4E2-CA53B4991ADC}"
EndProject
Project("{FAE04EC0-301F-11D3-BF4B-00C04F79EFBC}") = "TinyUpdate.Create", "src\TinyUpdate.Create\TinyUpdate.Create.csproj", "{960F745A-E78C-4EE4-8A52-5DA1E5AEA426}"
EndProject
Project("{2150E333-8FDC-42A3-9474-1A3956D46DE8}") = "Updaters", "Updaters", "{60A271CD-1066-4FD6-818B-C853119638F2}"
EndProject
Project("{FAE04EC0-301F-11D3-BF4B-00C04F79EFBC}") = "TinyUpdate.Github", "src\Updaters\TinyUpdate.Github\TinyUpdate.Github.csproj", "{D737936B-5E1B-4FFF-88EE-A587564FD9FF}"
EndProject
Global
	GlobalSection(SolutionConfigurationPlatforms) = preSolution
		Debug|Any CPU = Debug|Any CPU
		Release|Any CPU = Release|Any CPU
	EndGlobalSection
	GlobalSection(ProjectConfigurationPlatforms) = postSolution
		{7D720544-EC9D-4358-BE15-A3DA25129498}.Debug|Any CPU.ActiveCfg = Debug|Any CPU
		{7D720544-EC9D-4358-BE15-A3DA25129498}.Debug|Any CPU.Build.0 = Debug|Any CPU
		{7D720544-EC9D-4358-BE15-A3DA25129498}.Release|Any CPU.ActiveCfg = Release|Any CPU
		{7D720544-EC9D-4358-BE15-A3DA25129498}.Release|Any CPU.Build.0 = Release|Any CPU
		{C6EEF0C8-7D48-45E0-8166-E10667D8FFD3}.Debug|Any CPU.ActiveCfg = Debug|Any CPU
		{C6EEF0C8-7D48-45E0-8166-E10667D8FFD3}.Debug|Any CPU.Build.0 = Debug|Any CPU
		{C6EEF0C8-7D48-45E0-8166-E10667D8FFD3}.Release|Any CPU.ActiveCfg = Release|Any CPU
		{C6EEF0C8-7D48-45E0-8166-E10667D8FFD3}.Release|Any CPU.Build.0 = Release|Any CPU
		{9579646D-F6F7-4AE2-99D3-2E92A69BE100}.Debug|Any CPU.ActiveCfg = Debug|Any CPU
		{9579646D-F6F7-4AE2-99D3-2E92A69BE100}.Debug|Any CPU.Build.0 = Debug|Any CPU
		{9579646D-F6F7-4AE2-99D3-2E92A69BE100}.Release|Any CPU.ActiveCfg = Release|Any CPU
		{9579646D-F6F7-4AE2-99D3-2E92A69BE100}.Release|Any CPU.Build.0 = Release|Any CPU
		{0392D9B0-B557-42AF-B0DF-C6B97703F902}.Debug|Any CPU.ActiveCfg = Debug|Any CPU
		{0392D9B0-B557-42AF-B0DF-C6B97703F902}.Debug|Any CPU.Build.0 = Debug|Any CPU
		{0392D9B0-B557-42AF-B0DF-C6B97703F902}.Release|Any CPU.ActiveCfg = Release|Any CPU
		{0392D9B0-B557-42AF-B0DF-C6B97703F902}.Release|Any CPU.Build.0 = Release|Any CPU
		{3688FDF1-07F4-48F3-B4E2-CA53B4991ADC}.Debug|Any CPU.ActiveCfg = Debug|Any CPU
		{3688FDF1-07F4-48F3-B4E2-CA53B4991ADC}.Debug|Any CPU.Build.0 = Debug|Any CPU
		{3688FDF1-07F4-48F3-B4E2-CA53B4991ADC}.Release|Any CPU.ActiveCfg = Release|Any CPU
		{3688FDF1-07F4-48F3-B4E2-CA53B4991ADC}.Release|Any CPU.Build.0 = Release|Any CPU
		{960F745A-E78C-4EE4-8A52-5DA1E5AEA426}.Debug|Any CPU.ActiveCfg = Debug|Any CPU
		{960F745A-E78C-4EE4-8A52-5DA1E5AEA426}.Debug|Any CPU.Build.0 = Debug|Any CPU
		{960F745A-E78C-4EE4-8A52-5DA1E5AEA426}.Release|Any CPU.ActiveCfg = Release|Any CPU
		{960F745A-E78C-4EE4-8A52-5DA1E5AEA426}.Release|Any CPU.Build.0 = Release|Any CPU
		{D737936B-5E1B-4FFF-88EE-A587564FD9FF}.Debug|Any CPU.ActiveCfg = Debug|Any CPU
		{D737936B-5E1B-4FFF-88EE-A587564FD9FF}.Debug|Any CPU.Build.0 = Debug|Any CPU
		{D737936B-5E1B-4FFF-88EE-A587564FD9FF}.Release|Any CPU.ActiveCfg = Release|Any CPU
		{D737936B-5E1B-4FFF-88EE-A587564FD9FF}.Release|Any CPU.Build.0 = Release|Any CPU
	EndGlobalSection
	GlobalSection(SolutionProperties) = preSolution
		HideSolutionNode = FALSE
	EndGlobalSection
	GlobalSection(NestedProjects) = preSolution
		{7D720544-EC9D-4358-BE15-A3DA25129498} = {9C7F5078-B017-4447-85E8-74E38B1D0147}
		{C6EEF0C8-7D48-45E0-8166-E10667D8FFD3} = {9C7F5078-B017-4447-85E8-74E38B1D0147}
		{9579646D-F6F7-4AE2-99D3-2E92A69BE100} = {2758B32D-CB41-474D-BB8B-ADB8473C77AE}
		{0392D9B0-B557-42AF-B0DF-C6B97703F902} = {2758B32D-CB41-474D-BB8B-ADB8473C77AE}
		{3688FDF1-07F4-48F3-B4E2-CA53B4991ADC} = {2758B32D-CB41-474D-BB8B-ADB8473C77AE}
		{960F745A-E78C-4EE4-8A52-5DA1E5AEA426} = {9C7F5078-B017-4447-85E8-74E38B1D0147}
		{60A271CD-1066-4FD6-818B-C853119638F2} = {9C7F5078-B017-4447-85E8-74E38B1D0147}
		{D737936B-5E1B-4FFF-88EE-A587564FD9FF} = {60A271CD-1066-4FD6-818B-C853119638F2}
	EndGlobalSection
	GlobalSection(ExtensibilityGlobals) = postSolution
		SolutionGuid = {C33583C4-B2A9-41B5-A4DA-9062595FDCBD}
	EndGlobalSection
EndGlobal
